
Microsoft Visual Studio Solution File, Format Version 12.00
# Visual Studio Version 16
VisualStudioVersion = 16.0.33130.400
MinimumVisualStudioVersion = 10.0.40219.1
Project("{8BC9CEB8-8B4A-11D0-8D11-00A0C91BC942}") = "LgQDumper", "LgQDumper\LgQDumper.vcxproj", "{704E55F8-9280-4375-8D79-B7D04E3FC131}"
EndProject
Global
	GlobalSection(SolutionConfigurationPlatforms) = preSolution
		Debug|x86 = Debug|x86
		Release|x86 = Release|x86
	EndGlobalSection
	GlobalSection(ProjectConfigurationPlatforms) = postSolution
		{704E55F8-9280-4375-8D79-B7D04E3FC131}.Debug|x86.ActiveCfg = Debug|Win32
		{704E55F8-9280-4375-8D79-B7D04E3FC131}.Debug|x86.Build.0 = Debug|Win32
		{704E55F8-9280-4375-8D79-B7D04E3FC131}.Release|x86.ActiveCfg = Release|Win32
		{704E55F8-9280-4375-8D79-B7D04E3FC131}.Release|x86.Build.0 = Release|Win32
	EndGlobalSection
	GlobalSection(SolutionProperties) = preSolution
		HideSolutionNode = FALSE
	EndGlobalSection
	GlobalSection(ExtensibilityGlobals) = postSolution
		SolutionGuid = {B36290E2-E382-4FF2-8F64-AE42B55C9D47}
	EndGlobalSection
EndGlobal
